// !$*UTF8*$!
{
	archiveVersion = 1;
	classes = {
	};
	objectVersion = 77;
	objects = {

/* Begin PBXContainerItemProxy section */
		C40F64782CF0195D00B187F0 /* PBXContainerItemProxy */ = {
			isa = PBXContainerItemProxy;
			containerPortal = C40F64592CF0195B00B187F0 /* Project object */;
			proxyType = 1;
			remoteGlobalIDString = C40F64602CF0195B00B187F0;
			remoteInfo = EmotionCoreML;
		};
		C40F64822CF0195D00B187F0 /* PBXContainerItemProxy */ = {
			isa = PBXContainerItemProxy;
			containerPortal = C40F64592CF0195B00B187F0 /* Project object */;
			proxyType = 1;
			remoteGlobalIDString = C40F64602CF0195B00B187F0;
			remoteInfo = EmotionCoreML;
		};
/* End PBXContainerItemProxy section */

/* Begin PBXFileReference section */
		C40F64612CF0195B00B187F0 /* EmotionCoreML.app */ = {isa = PBXFileReference; explicitFileType = wrapper.application; includeInIndex = 0; path = EmotionCoreML.app; sourceTree = BUILT_PRODUCTS_DIR; };
		C40F64772CF0195D00B187F0 /* EmotionCoreMLTests.xctest */ = {isa = PBXFileReference; explicitFileType = wrapper.cfbundle; includeInIndex = 0; path = EmotionCoreMLTests.xctest; sourceTree = BUILT_PRODUCTS_DIR; };
		C40F64812CF0195D00B187F0 /* EmotionCoreMLUITests.xctest */ = {isa = PBXFileReference; explicitFileType = wrapper.cfbundle; includeInIndex = 0; path = EmotionCoreMLUITests.xctest; sourceTree = BUILT_PRODUCTS_DIR; };
/* End PBXFileReference section */

/* Begin PBXFileSystemSynchronizedBuildFileExceptionSet section */
		C40F64892CF0195D00B187F0 /* Exceptions for "EmotionCoreML" folder in "EmotionCoreML" target */ = {
			isa = PBXFileSystemSynchronizedBuildFileExceptionSet;
			membershipExceptions = (
				Info.plist,
			);
			target = C40F64602CF0195B00B187F0 /* EmotionCoreML */;
		};
/* End PBXFileSystemSynchronizedBuildFileExceptionSet section */

/* Begin PBXFileSystemSynchronizedRootGroup section */
		C40F64632CF0195B00B187F0 /* EmotionCoreML */ = {
			isa = PBXFileSystemSynchronizedRootGroup;
			exceptions = (
				C40F64892CF0195D00B187F0 /* Exceptions for "EmotionCoreML" folder in "EmotionCoreML" target */,
			);
			path = EmotionCoreML;
			sourceTree = "<group>";
		};
		C40F647A2CF0195D00B187F0 /* EmotionCoreMLTests */ = {
			isa = PBXFileSystemSynchronizedRootGroup;
			path = EmotionCoreMLTests;
			sourceTree = "<group>";
		};
		C40F64842CF0195D00B187F0 /* EmotionCoreMLUITests */ = {
			isa = PBXFileSystemSynchronizedRootGroup;
			path = EmotionCoreMLUITests;
			sourceTree = "<group>";
		};
/* End PBXFileSystemSynchronizedRootGroup section */

/* Begin PBXFrameworksBuildPhase section */
		C40F645E2CF0195B00B187F0 /* Frameworks */ = {
			isa = PBXFrameworksBuildPhase;
			buildActionMask = 2147483647;
			files = (
			);
			runOnlyForDeploymentPostprocessing = 0;
		};
		C40F64742CF0195D00B187F0 /* Frameworks */ = {
			isa = PBXFrameworksBuildPhase;
			buildActionMask = 2147483647;
			files = (
			);
			runOnlyForDeploymentPostprocessing = 0;
		};
		C40F647E2CF0195D00B187F0 /* Frameworks */ = {
			isa = PBXFrameworksBuildPhase;
			buildActionMask = 2147483647;
			files = (
			);
			runOnlyForDeploymentPostprocessing = 0;
		};
/* End PBXFrameworksBuildPhase section */

/* Begin PBXGroup section */
		C40F64582CF0195B00B187F0 = {
			isa = PBXGroup;
			children = (
				C40F64632CF0195B00B187F0 /* EmotionCoreML */,
				C40F647A2CF0195D00B187F0 /* EmotionCoreMLTests */,
				C40F64842CF0195D00B187F0 /* EmotionCoreMLUITests */,
				C40F64622CF0195B00B187F0 /* Products */,
			);
			sourceTree = "<group>";
		};
		C40F64622CF0195B00B187F0 /* Products */ = {
			isa = PBXGroup;
			children = (
				C40F64612CF0195B00B187F0 /* EmotionCoreML.app */,
				C40F64772CF0195D00B187F0 /* EmotionCoreMLTests.xctest */,
				C40F64812CF0195D00B187F0 /* EmotionCoreMLUITests.xctest */,
			);
			name = Products;
			sourceTree = "<group>";
		};
/* End PBXGroup section */

/* Begin PBXNativeTarget section */
		C40F64602CF0195B00B187F0 /* EmotionCoreML */ = {
			isa = PBXNativeTarget;
			buildConfigurationList = C40F648A2CF0195D00B187F0 /* Build configuration list for PBXNativeTarget "EmotionCoreML" */;
			buildPhases = (
				C40F645D2CF0195B00B187F0 /* Sources */,
				C40F645E2CF0195B00B187F0 /* Frameworks */,
				C40F645F2CF0195B00B187F0 /* Resources */,
			);
			buildRules = (
			);
			dependencies = (
			);
			fileSystemSynchronizedGroups = (
				C40F64632CF0195B00B187F0 /* EmotionCoreML */,
			);
			name = EmotionCoreML;
			packageProductDependencies = (
			);
			productName = EmotionCoreML;
			productReference = C40F64612CF0195B00B187F0 /* EmotionCoreML.app */;
			productType = "com.apple.product-type.application";
		};
		C40F64762CF0195D00B187F0 /* EmotionCoreMLTests */ = {
			isa = PBXNativeTarget;
			buildConfigurationList = C40F648F2CF0195D00B187F0 /* Build configuration list for PBXNativeTarget "EmotionCoreMLTests" */;
			buildPhases = (
				C40F64732CF0195D00B187F0 /* Sources */,
				C40F64742CF0195D00B187F0 /* Frameworks */,
				C40F64752CF0195D00B187F0 /* Resources */,
			);
			buildRules = (
			);
			dependencies = (
				C40F64792CF0195D00B187F0 /* PBXTargetDependency */,
			);
			fileSystemSynchronizedGroups = (
				C40F647A2CF0195D00B187F0 /* EmotionCoreMLTests */,
			);
			name = EmotionCoreMLTests;
			packageProductDependencies = (
			);
			productName = EmotionCoreMLTests;
			productReference = C40F64772CF0195D00B187F0 /* EmotionCoreMLTests.xctest */;
			productType = "com.apple.product-type.bundle.unit-test";
		};
		C40F64802CF0195D00B187F0 /* EmotionCoreMLUITests */ = {
			isa = PBXNativeTarget;
			buildConfigurationList = C40F64922CF0195D00B187F0 /* Build configuration list for PBXNativeTarget "EmotionCoreMLUITests" */;
			buildPhases = (
				C40F647D2CF0195D00B187F0 /* Sources */,
				C40F647E2CF0195D00B187F0 /* Frameworks */,
				C40F647F2CF0195D00B187F0 /* Resources */,
			);
			buildRules = (
			);
			dependencies = (
				C40F64832CF0195D00B187F0 /* PBXTargetDependency */,
			);
			fileSystemSynchronizedGroups = (
				C40F64842CF0195D00B187F0 /* EmotionCoreMLUITests */,
			);
			name = EmotionCoreMLUITests;
			packageProductDependencies = (
			);
			productName = EmotionCoreMLUITests;
			productReference = C40F64812CF0195D00B187F0 /* EmotionCoreMLUITests.xctest */;
			productType = "com.apple.product-type.bundle.ui-testing";
		};
/* End PBXNativeTarget section */

/* Begin PBXProject section */
		C40F64592CF0195B00B187F0 /* Project object */ = {
			isa = PBXProject;
			attributes = {
				BuildIndependentTargetsInParallel = 1;
				LastSwiftUpdateCheck = 1610;
				LastUpgradeCheck = 1610;
				TargetAttributes = {
					C40F64602CF0195B00B187F0 = {
						CreatedOnToolsVersion = 16.1;
					};
					C40F64762CF0195D00B187F0 = {
						CreatedOnToolsVersion = 16.1;
						TestTargetID = C40F64602CF0195B00B187F0;
					};
					C40F64802CF0195D00B187F0 = {
						CreatedOnToolsVersion = 16.1;
						TestTargetID = C40F64602CF0195B00B187F0;
					};
				};
			};
			buildConfigurationList = C40F645C2CF0195B00B187F0 /* Build configuration list for PBXProject "EmotionCoreML" */;
			developmentRegion = en;
			hasScannedForEncodings = 0;
			knownRegions = (
				en,
				Base,
			);
			mainGroup = C40F64582CF0195B00B187F0;
			minimizedProjectReferenceProxies = 1;
			preferredProjectObjectVersion = 77;
			productRefGroup = C40F64622CF0195B00B187F0 /* Products */;
			projectDirPath = "";
			projectRoot = "";
			targets = (
				C40F64602CF0195B00B187F0 /* EmotionCoreML */,
				C40F64762CF0195D00B187F0 /* EmotionCoreMLTests */,
				C40F64802CF0195D00B187F0 /* EmotionCoreMLUITests */,
			);
		};
/* End PBXProject section */

/* Begin PBXResourcesBuildPhase section */
		C40F645F2CF0195B00B187F0 /* Resources */ = {
			isa = PBXResourcesBuildPhase;
			buildActionMask = 2147483647;
			files = (
			);
			runOnlyForDeploymentPostprocessing = 0;
		};
		C40F64752CF0195D00B187F0 /* Resources */ = {
			isa = PBXResourcesBuildPhase;
			buildActionMask = 2147483647;
			files = (
			);
			runOnlyForDeploymentPostprocessing = 0;
		};
		C40F647F2CF0195D00B187F0 /* Resources */ = {
			isa = PBXResourcesBuildPhase;
			buildActionMask = 2147483647;
			files = (
			);
			runOnlyForDeploymentPostprocessing = 0;
		};
/* End PBXResourcesBuildPhase section */

/* Begin PBXSourcesBuildPhase section */
		C40F645D2CF0195B00B187F0 /* Sources */ = {
			isa = PBXSourcesBuildPhase;
			buildActionMask = 2147483647;
			files = (
			);
			runOnlyForDeploymentPostprocessing = 0;
		};
		C40F64732CF0195D00B187F0 /* Sources */ = {
			isa = PBXSourcesBuildPhase;
			buildActionMask = 2147483647;
			files = (
			);
			runOnlyForDeploymentPostprocessing = 0;
		};
		C40F647D2CF0195D00B187F0 /* Sources */ = {
			isa = PBXSourcesBuildPhase;
			buildActionMask = 2147483647;
			files = (
			);
			runOnlyForDeploymentPostprocessing = 0;
		};
/* End PBXSourcesBuildPhase section */

/* Begin PBXTargetDependency section */
		C40F64792CF0195D00B187F0 /* PBXTargetDependency */ = {
			isa = PBXTargetDependency;
			target = C40F64602CF0195B00B187F0 /* EmotionCoreML */;
			targetProxy = C40F64782CF0195D00B187F0 /* PBXContainerItemProxy */;
		};
		C40F64832CF0195D00B187F0 /* PBXTargetDependency */ = {
			isa = PBXTargetDependency;
			target = C40F64602CF0195B00B187F0 /* EmotionCoreML */;
			targetProxy = C40F64822CF0195D00B187F0 /* PBXContainerItemProxy */;
		};
/* End PBXTargetDependency section */

/* Begin XCBuildConfiguration section */
		C40F648B2CF0195D00B187F0 /* Debug */ = {
			isa = XCBuildConfiguration;
			buildSettings = {
				ASSETCATALOG_COMPILER_APPICON_NAME = AppIcon;
				ASSETCATALOG_COMPILER_GLOBAL_ACCENT_COLOR_NAME = AccentColor;
				CODE_SIGN_STYLE = Automatic;
				CURRENT_PROJECT_VERSION = 1;
				DEVELOPMENT_TEAM = QYAJMG32KH;
				GENERATE_INFOPLIST_FILE = YES;
				INFOPLIST_FILE = EmotionCoreML/Info.plist;
				INFOPLIST_KEY_UIApplicationSupportsIndirectInputEvents = YES;
				INFOPLIST_KEY_UILaunchStoryboardName = LaunchScreen;
				INFOPLIST_KEY_UIMainStoryboardFile = Main;
				INFOPLIST_KEY_UISupportedInterfaceOrientations_iPad = "UIInterfaceOrientationPortrait UIInterfaceOrientationPortraitUpsideDown UIInterfaceOrientationLandscapeLeft UIInterfaceOrientationLandscapeRight";
				INFOPLIST_KEY_UISupportedInterfaceOrientations_iPhone = "UIInterfaceOrientationPortrait UIInterfaceOrientationLandscapeLeft UIInterfaceOrientationLandscapeRight";
				IPHONEOS_DEPLOYMENT_TARGET = 17.6;
				LD_RUNPATH_SEARCH_PATHS = (
					"$(inherited)",
					"@executable_path/Frameworks",
				);
				MARKETING_VERSION = 1.0;
				PRODUCT_BUNDLE_IDENTIFIER = Mike.EmotionCoreML;
				PRODUCT_NAME = "$(TARGET_NAME)";
				SWIFT_EMIT_LOC_STRINGS = YES;
				SWIFT_VERSION = 5.0;
				TARGETED_DEVICE_FAMILY = "1,2";
			};
			name = Debug;
		};
		C40F648C2CF0195D00B187F0 /* Release */ = {
			isa = XCBuildConfiguration;
			buildSettings = {
				ASSETCATALOG_COMPILER_APPICON_NAME = AppIcon;
				ASSETCATALOG_COMPILER_GLOBAL_ACCENT_COLOR_NAME = AccentColor;
				CODE_SIGN_STYLE = Automatic;
				CURRENT_PROJECT_VERSION = 1;
				DEVELOPMENT_TEAM = QYAJMG32KH;
				GENERATE_INFOPLIST_FILE = YES;
				INFOPLIST_FILE = EmotionCoreML/Info.plist;
				INFOPLIST_KEY_UIApplicationSupportsIndirectInputEvents = YES;
				INFOPLIST_KEY_UILaunchStoryboardName = LaunchScreen;
				INFOPLIST_KEY_UIMainStoryboardFile = Main;
				INFOPLIST_KEY_UISupportedInterfaceOrientations_iPad = "UIInterfaceOrientationPortrait UIInterfaceOrientationPortraitUpsideDown UIInterfaceOrientationLandscapeLeft UIInterfaceOrientationLandscapeRight";
				INFOPLIST_KEY_UISupportedInterfaceOrientations_iPhone = "UIInterfaceOrientationPortrait UIInterfaceOrientationLandscapeLeft UIInterfaceOrientationLandscapeRight";
				IPHONEOS_DEPLOYMENT_TARGET = 17.6;
				LD_RUNPATH_SEARCH_PATHS = (
					"$(inherited)",
					"@executable_path/Frameworks",
				);
				MARKETING_VERSION = 1.0;
				PRODUCT_BUNDLE_IDENTIFIER = Mike.EmotionCoreML;
				PRODUCT_NAME = "$(TARGET_NAME)";
				SWIFT_EMIT_LOC_STRINGS = YES;
				SWIFT_VERSION = 5.0;
				TARGETED_DEVICE_FAMILY = "1,2";
			};
			name = Release;
		};
		C40F648D2CF0195D00B187F0 /* Debug */ = {
			isa = XCBuildConfiguration;
			buildSettings = {
				ALWAYS_SEARCH_USER_PATHS = NO;
				ASSETCATALOG_COMPILER_GENERATE_SWIFT_ASSET_SYMBOL_EXTENSIONS = YES;
				CLANG_ANALYZER_NONNULL = YES;
				CLANG_ANALYZER_NUMBER_OBJECT_CONVERSION = YES_AGGRESSIVE;
				CLANG_CXX_LANGUAGE_STANDARD = "gnu++20";
				CLANG_ENABLE_MODULES = YES;
				CLANG_ENABLE_OBJC_ARC = YES;
				CLANG_ENABLE_OBJC_WEAK = YES;
				CLANG_WARN_BLOCK_CAPTURE_AUTORELEASING = YES;
				CLANG_WARN_BOOL_CONVERSION = YES;
				CLANG_WARN_COMMA = YES;
				CLANG_WARN_CONSTANT_CONVERSION = YES;
				CLANG_WARN_DEPRECATED_OBJC_IMPLEMENTATIONS = YES;
				CLANG_WARN_DIRECT_OBJC_ISA_USAGE = YES_ERROR;
				CLANG_WARN_DOCUMENTATION_COMMENTS = YES;
				CLANG_WARN_EMPTY_BODY = YES;
				CLANG_WARN_ENUM_CONVERSION = YES;
				CLANG_WARN_INFINITE_RECURSION = YES;
				CLANG_WARN_INT_CONVERSION = YES;
				CLANG_WARN_NON_LITERAL_NULL_CONVERSION = YES;
				CLANG_WARN_OBJC_IMPLICIT_RETAIN_SELF = YES;
				CLANG_WARN_OBJC_LITERAL_CONVERSION = YES;
				CLANG_WARN_OBJC_ROOT_CLASS = YES_ERROR;
				CLANG_WARN_QUOTED_INCLUDE_IN_FRAMEWORK_HEADER = YES;
				CLANG_WARN_RANGE_LOOP_ANALYSIS = YES;
				CLANG_WARN_STRICT_PROTOTYPES = YES;
				CLANG_WARN_SUSPICIOUS_MOVE = YES;
				CLANG_WARN_UNGUARDED_AVAILABILITY = YES_AGGRESSIVE;
				CLANG_WARN_UNREACHABLE_CODE = YES;
				CLANG_WARN__DUPLICATE_METHOD_MATCH = YES;
				COPY_PHASE_STRIP = NO;
				DEBUG_INFORMATION_FORMAT = dwarf;
				ENABLE_STRICT_OBJC_MSGSEND = YES;
				ENABLE_TESTABILITY = YES;
				ENABLE_USER_SCRIPT_SANDBOXING = YES;
				GCC_C_LANGUAGE_STANDARD = gnu17;
				GCC_DYNAMIC_NO_PIC = NO;
				GCC_NO_COMMON_BLOCKS = YES;
				GCC_OPTIMIZATION_LEVEL = 0;
				GCC_PREPROCESSOR_DEFINITIONS = (
					"DEBUG=1",
					"$(inherited)",
				);
				GCC_WARN_64_TO_32_BIT_CONVERSION = YES;
				GCC_WARN_ABOUT_RETURN_TYPE = YES_ERROR;
				GCC_WARN_UNDECLARED_SELECTOR = YES;
				GCC_WARN_UNINITIALIZED_AUTOS = YES_AGGRESSIVE;
				GCC_WARN_UNUSED_FUNCTION = YES;
				GCC_WARN_UNUSED_VARIABLE = YES;
				IPHONEOS_DEPLOYMENT_TARGET = 18.1;
				LOCALIZATION_PREFERS_STRING_CATALOGS = YES;
				MTL_ENABLE_DEBUG_INFO = INCLUDE_SOURCE;
				MTL_FAST_MATH = YES;
				ONLY_ACTIVE_ARCH = YES;
				SDKROOT = iphoneos;
				SWIFT_ACTIVE_COMPILATION_CONDITIONS = "DEBUG $(inherited)";
				SWIFT_OPTIMIZATION_LEVEL = "-Onone";
			};
			name = Debug;
		};
		C40F648E2CF0195D00B187F0 /* Release */ = {
			isa = XCBuildConfiguration;
			buildSettings = {
				ALWAYS_SEARCH_USER_PATHS = NO;
				ASSETCATALOG_COMPILER_GENERATE_SWIFT_ASSET_SYMBOL_EXTENSIONS = YES;
				CLANG_ANALYZER_NONNULL = YES;
				CLANG_ANALYZER_NUMBER_OBJECT_CONVERSION = YES_AGGRESSIVE;
				CLANG_CXX_LANGUAGE_STANDARD = "gnu++20";
				CLANG_ENABLE_MODULES = YES;
				CLANG_ENABLE_OBJC_ARC = YES;
				CLANG_ENABLE_OBJC_WEAK = YES;
				CLANG_WARN_BLOCK_CAPTURE_AUTORELEASING = YES;
				CLANG_WARN_BOOL_CONVERSION = YES;
				CLANG_WARN_COMMA = YES;
				CLANG_WARN_CONSTANT_CONVERSION = YES;
				CLANG_WARN_DEPRECATED_OBJC_IMPLEMENTATIONS = YES;
				CLANG_WARN_DIRECT_OBJC_ISA_USAGE = YES_ERROR;
				CLANG_WARN_DOCUMENTATION_COMMENTS = YES;
				CLANG_WARN_EMPTY_BODY = YES;
				CLANG_WARN_ENUM_CONVERSION = YES;
				CLANG_WARN_INFINITE_RECURSION = YES;
				CLANG_WARN_INT_CONVERSION = YES;
				CLANG_WARN_NON_LITERAL_NULL_CONVERSION = YES;
				CLANG_WARN_OBJC_IMPLICIT_RETAIN_SELF = YES;
				CLANG_WARN_OBJC_LITERAL_CONVERSION = YES;
				CLANG_WARN_OBJC_ROOT_CLASS = YES_ERROR;
				CLANG_WARN_QUOTED_INCLUDE_IN_FRAMEWORK_HEADER = YES;
				CLANG_WARN_RANGE_LOOP_ANALYSIS = YES;
				CLANG_WARN_STRICT_PROTOTYPES = YES;
				CLANG_WARN_SUSPICIOUS_MOVE = YES;
				CLANG_WARN_UNGUARDED_AVAILABILITY = YES_AGGRESSIVE;
				CLANG_WARN_UNREACHABLE_CODE = YES;
				CLANG_WARN__DUPLICATE_METHOD_MATCH = YES;
				COPY_PHASE_STRIP = NO;
				DEBUG_INFORMATION_FORMAT = "dwarf-with-dsym";
				ENABLE_NS_ASSERTIONS = NO;
				ENABLE_STRICT_OBJC_MSGSEND = YES;
				ENABLE_USER_SCRIPT_SANDBOXING = YES;
				GCC_C_LANGUAGE_STANDARD = gnu17;
				GCC_NO_COMMON_BLOCKS = YES;
				GCC_WARN_64_TO_32_BIT_CONVERSION = YES;
				GCC_WARN_ABOUT_RETURN_TYPE = YES_ERROR;
				GCC_WARN_UNDECLARED_SELECTOR = YES;
				GCC_WARN_UNINITIALIZED_AUTOS = YES_AGGRESSIVE;
				GCC_WARN_UNUSED_FUNCTION = YES;
				GCC_WARN_UNUSED_VARIABLE = YES;
				IPHONEOS_DEPLOYMENT_TARGET = 18.1;
				LOCALIZATION_PREFERS_STRING_CATALOGS = YES;
				MTL_ENABLE_DEBUG_INFO = NO;
				MTL_FAST_MATH = YES;
				SDKROOT = iphoneos;
				SWIFT_COMPILATION_MODE = wholemodule;
				VALIDATE_PRODUCT = YES;
			};
			name = Release;
		};
		C40F64902CF0195D00B187F0 /* Debug */ = {
			isa = XCBuildConfiguration;
			buildSettings = {
				BUNDLE_LOADER = "$(TEST_HOST)";
				CODE_SIGN_STYLE = Automatic;
				CURRENT_PROJECT_VERSION = 1;
				DEVELOPMENT_TEAM = QYAJMG32KH;
				GENERATE_INFOPLIST_FILE = YES;
				IPHONEOS_DEPLOYMENT_TARGET = 18.1;
				MARKETING_VERSION = 1.0;
				PRODUCT_BUNDLE_IDENTIFIER = Mike.EmotionCoreMLTests;
				PRODUCT_NAME = "$(TARGET_NAME)";
				SWIFT_EMIT_LOC_STRINGS = NO;
				SWIFT_VERSION = 5.0;
				TARGETED_DEVICE_FAMILY = "1,2";
				TEST_HOST = "$(BUILT_PRODUCTS_DIR)/EmotionCoreML.app/$(BUNDLE_EXECUTABLE_FOLDER_PATH)/EmotionCoreML";
			};
			name = Debug;
		};
		C40F64912CF0195D00B187F0 /* Release */ = {
			isa = XCBuildConfiguration;
			buildSettings = {
				BUNDLE_LOADER = "$(TEST_HOST)";
				CODE_SIGN_STYLE = Automatic;
				CURRENT_PROJECT_VERSION = 1;
				DEVELOPMENT_TEAM = QYAJMG32KH;
				GENERATE_INFOPLIST_FILE = YES;
				IPHONEOS_DEPLOYMENT_TARGET = 18.1;
				MARKETING_VERSION = 1.0;
				PRODUCT_BUNDLE_IDENTIFIER = Mike.EmotionCoreMLTests;
				PRODUCT_NAME = "$(TARGET_NAME)";
				SWIFT_EMIT_LOC_STRINGS = NO;
				SWIFT_VERSION = 5.0;
				TARGETED_DEVICE_FAMILY = "1,2";
				TEST_HOST = "$(BUILT_PRODUCTS_DIR)/EmotionCoreML.app/$(BUNDLE_EXECUTABLE_FOLDER_PATH)/EmotionCoreML";
			};
			name = Release;
		};
		C40F64932CF0195D00B187F0 /* Debug */ = {
			isa = XCBuildConfiguration;
			buildSettings = {
				CODE_SIGN_STYLE = Automatic;
				CURRENT_PROJECT_VERSION = 1;
				DEVELOPMENT_TEAM = QYAJMG32KH;
				GENERATE_INFOPLIST_FILE = YES;
				MARKETING_VERSION = 1.0;
				PRODUCT_BUNDLE_IDENTIFIER = Mike.EmotionCoreMLUITests;
				PRODUCT_NAME = "$(TARGET_NAME)";
				SWIFT_EMIT_LOC_STRINGS = NO;
				SWIFT_VERSION = 5.0;
				TARGETED_DEVICE_FAMILY = "1,2";
				TEST_TARGET_NAME = EmotionCoreML;
			};
			name = Debug;
		};
		C40F64942CF0195D00B187F0 /* Release */ = {
			isa = XCBuildConfiguration;
			buildSettings = {
				CODE_SIGN_STYLE = Automatic;
				CURRENT_PROJECT_VERSION = 1;
				DEVELOPMENT_TEAM = QYAJMG32KH;
				GENERATE_INFOPLIST_FILE = YES;
				MARKETING_VERSION = 1.0;
				PRODUCT_BUNDLE_IDENTIFIER = Mike.EmotionCoreMLUITests;
				PRODUCT_NAME = "$(TARGET_NAME)";
				SWIFT_EMIT_LOC_STRINGS = NO;
				SWIFT_VERSION = 5.0;
				TARGETED_DEVICE_FAMILY = "1,2";
				TEST_TARGET_NAME = EmotionCoreML;
			};
			name = Release;
		};
/* End XCBuildConfiguration section */

/* Begin XCConfigurationList section */
		C40F645C2CF0195B00B187F0 /* Build configuration list for PBXProject "EmotionCoreML" */ = {
			isa = XCConfigurationList;
			buildConfigurations = (
				C40F648D2CF0195D00B187F0 /* Debug */,
				C40F648E2CF0195D00B187F0 /* Release */,
			);
			defaultConfigurationIsVisible = 0;
			defaultConfigurationName = Release;
		};
		C40F648A2CF0195D00B187F0 /* Build configuration list for PBXNativeTarget "EmotionCoreML" */ = {
			isa = XCConfigurationList;
			buildConfigurations = (
				C40F648B2CF0195D00B187F0 /* Debug */,
				C40F648C2CF0195D00B187F0 /* Release */,
			);
			defaultConfigurationIsVisible = 0;
			defaultConfigurationName = Release;
		};
		C40F648F2CF0195D00B187F0 /* Build configuration list for PBXNativeTarget "EmotionCoreMLTests" */ = {
			isa = XCConfigurationList;
			buildConfigurations = (
				C40F64902CF0195D00B187F0 /* Debug */,
				C40F64912CF0195D00B187F0 /* Release */,
			);
			defaultConfigurationIsVisible = 0;
			defaultConfigurationName = Release;
		};
		C40F64922CF0195D00B187F0 /* Build configuration list for PBXNativeTarget "EmotionCoreMLUITests" */ = {
			isa = XCConfigurationList;
			buildConfigurations = (
				C40F64932CF0195D00B187F0 /* Debug */,
				C40F64942CF0195D00B187F0 /* Release */,
			);
			defaultConfigurationIsVisible = 0;
			defaultConfigurationName = Release;
		};
/* End XCConfigurationList section */
	};
	rootObject = C40F64592CF0195B00B187F0 /* Project object */;
}
